{
  "version": 4,
  "terraform_version": "0.12.29",
  "serial": 6,
  "lineage": "d47fed10-19f7-0b0a-0b15-695ee42ca64c",
  "outputs": {
    "vpc_cidr": {
      "value": "10.0.0.0/16",
      "type": "string"
    }
  },
  "resources": [
    {
      "mode": "managed",
      "type": "aws_vpc",
      "name": "my_vpc",
      "provider": "provider.aws",
      "instances": [
        {
          "schema_version": 1,
          "attributes": {
            "arn": "arn:aws:ec2:ap-south-1:700126874172:vpc/vpc-030d8dcf327709924",
            "assign_generated_ipv6_cidr_block": false,
            "cidr_block": "10.0.0.0/16",
            "default_network_acl_id": "acl-0197fd7dccca1bfad",
            "default_route_table_id": "rtb-08199cec3ae8b3539",
            "default_security_group_id": "sg-013e7eb032cecad98",
            "dhcp_options_id": "dopt-92ec3ef9",
            "enable_classiclink": null,
            "enable_classiclink_dns_support": null,
            "enable_dns_hostnames": false,
            "enable_dns_support": true,
            "id": "vpc-030d8dcf327709924",
            "instance_tenancy": "default",
            "ipv6_association_id": "",
            "ipv6_cidr_block": "",
            "main_route_table_id": "rtb-08199cec3ae8b3539",
            "owner_id": "700126874172",
            "tags": {
              "Environment": "Dev",
              "Location": "India",
              "Name": "JavaHomeVpc"
            },
            "tags_all": {
              "Environment": "Dev",
              "Location": "India",
              "Name": "JavaHomeVpc"
            }
          },
          "private": "eyJzY2hlbWFfdmVyc2lvbiI6IjEifQ=="
        }
      ]
    }
  ]
}
